// !$*UTF8*$!
{
	archiveVersion = 1;
	classes = {
	};
	objectVersion = 46;
	objects = {

/* Begin PBXBuildFile section */
		8DE3DB801BB0DE4200004372 /* AppDelegate.swift in Sources */ = {isa = PBXBuildFile; fileRef = 8DE3DB7F1BB0DE4200004372 /* AppDelegate.swift */; };
		8DE3DB821BB0DE4200004372 /* ViewController.swift in Sources */ = {isa = PBXBuildFile; fileRef = 8DE3DB811BB0DE4200004372 /* ViewController.swift */; };
		8DE3DB851BB0DE4200004372 /* Main.storyboard in Resources */ = {isa = PBXBuildFile; fileRef = 8DE3DB831BB0DE4200004372 /* Main.storyboard */; };
		8DE3DB871BB0DE4200004372 /* Images.xcassets in Resources */ = {isa = PBXBuildFile; fileRef = 8DE3DB861BB0DE4200004372 /* Images.xcassets */; };
		8DE3DB8A1BB0DE4200004372 /* LaunchScreen.xib in Resources */ = {isa = PBXBuildFile; fileRef = 8DE3DB881BB0DE4200004372 /* LaunchScreen.xib */; };
		8DE3DB961BB0DE4200004372 /* Tap_MeTests.swift in Sources */ = {isa = PBXBuildFile; fileRef = 8DE3DB951BB0DE4200004372 /* Tap_MeTests.swift */; };
/* End PBXBuildFile section */

/* Begin PBXContainerItemProxy section */
		8DE3DB901BB0DE4200004372 /* PBXContainerItemProxy */ = {
			isa = PBXContainerItemProxy;
			containerPortal = 8DE3DB721BB0DE4200004372 /* Project object */;
			proxyType = 1;
			remoteGlobalIDString = 8DE3DB791BB0DE4200004372;
			remoteInfo = "Tap Me";
		};
/* End PBXContainerItemProxy section */

/* Begin PBXFileReference section */
		8DE3DB7A1BB0DE4200004372 /* Tap Me.app */ = {isa = PBXFileReference; explicitFileType = wrapper.application; includeInIndex = 0; path = "Tap Me.app"; sourceTree = BUILT_PRODUCTS_DIR; };
		8DE3DB7E1BB0DE4200004372 /* Info.plist */ = {isa = PBXFileReference; lastKnownFileType = text.plist.xml; path = Info.plist; sourceTree = "<group>"; };
		8DE3DB7F1BB0DE4200004372 /* AppDelegate.swift */ = {isa = PBXFileReference; lastKnownFileType = sourcecode.swift; path = AppDelegate.swift; sourceTree = "<group>"; };
		8DE3DB811BB0DE4200004372 /* ViewController.swift */ = {isa = PBXFileReference; lastKnownFileType = sourcecode.swift; path = ViewController.swift; sourceTree = "<group>"; };
		8DE3DB841BB0DE4200004372 /* Base */ = {isa = PBXFileReference; lastKnownFileType = file.storyboard; name = Base; path = Base.lproj/Main.storyboard; sourceTree = "<group>"; };
		8DE3DB861BB0DE4200004372 /* Images.xcassets */ = {isa = PBXFileReference; lastKnownFileType = folder.assetcatalog; path = Images.xcassets; sourceTree = "<group>"; };
		8DE3DB891BB0DE4200004372 /* Base */ = {isa = PBXFileReference; lastKnownFileType = file.xib; name = Base; path = Base.lproj/LaunchScreen.xib; sourceTree = "<group>"; };
		8DE3DB8F1BB0DE4200004372 /* Tap MeTests.xctest */ = {isa = PBXFileReference; explicitFileType = wrapper.cfbundle; includeInIndex = 0; path = "Tap MeTests.xctest"; sourceTree = BUILT_PRODUCTS_DIR; };
		8DE3DB941BB0DE4200004372 /* Info.plist */ = {isa = PBXFileReference; lastKnownFileType = text.plist.xml; path = Info.plist; sourceTree = "<group>"; };
		8DE3DB951BB0DE4200004372 /* Tap_MeTests.swift */ = {isa = PBXFileReference; lastKnownFileType = sourcecode.swift; path = Tap_MeTests.swift; sourceTree = "<group>"; };
/* End PBXFileReference section */

/* Begin PBXFrameworksBuildPhase section */
		8DE3DB771BB0DE4200004372 /* Frameworks */ = {
			isa = PBXFrameworksBuildPhase;
			buildActionMask = 2147483647;
			files = (
			);
			runOnlyForDeploymentPostprocessing = 0;
		};
		8DE3DB8C1BB0DE4200004372 /* Frameworks */ = {
			isa = PBXFrameworksBuildPhase;
			buildActionMask = 2147483647;
			files = (
			);
			runOnlyForDeploymentPostprocessing = 0;
		};
/* End PBXFrameworksBuildPhase section */

/* Begin PBXGroup section */
		8DE3DB711BB0DE4200004372 = {
			isa = PBXGroup;
			children = (
				8DE3DB7C1BB0DE4200004372 /* Tap Me */,
				8DE3DB921BB0DE4200004372 /* Tap MeTests */,
				8DE3DB7B1BB0DE4200004372 /* Products */,
			);
			sourceTree = "<group>";
		};
		8DE3DB7B1BB0DE4200004372 /* Products */ = {
			isa = PBXGroup;
			children = (
				8DE3DB7A1BB0DE4200004372 /* Tap Me.app */,
				8DE3DB8F1BB0DE4200004372 /* Tap MeTests.xctest */,
			);
			name = Products;
			sourceTree = "<group>";
		};
		8DE3DB7C1BB0DE4200004372 /* Tap Me */ = {
			isa = PBXGroup;
			children = (
				8DE3DB7F1BB0DE4200004372 /* AppDelegate.swift */,
				8DE3DB811BB0DE4200004372 /* ViewController.swift */,
				8DE3DB831BB0DE4200004372 /* Main.storyboard */,
				8DE3DB861BB0DE4200004372 /* Images.xcassets */,
				8DE3DB881BB0DE4200004372 /* LaunchScreen.xib */,
				8DE3DB7D1BB0DE4200004372 /* Supporting Files */,
			);
			path = "Tap Me";
			sourceTree = "<group>";
		};
		8DE3DB7D1BB0DE4200004372 /* Supporting Files */ = {
			isa = PBXGroup;
			children = (
				8DE3DB7E1BB0DE4200004372 /* Info.plist */,
			);
			name = "Supporting Files";
			sourceTree = "<group>";
		};
		8DE3DB921BB0DE4200004372 /* Tap MeTests */ = {
			isa = PBXGroup;
			children = (
				8DE3DB951BB0DE4200004372 /* Tap_MeTests.swift */,
				8DE3DB931BB0DE4200004372 /* Supporting Files */,
			);
			path = "Tap MeTests";
			sourceTree = "<group>";
		};
		8DE3DB931BB0DE4200004372 /* Supporting Files */ = {
			isa = PBXGroup;
			children = (
				8DE3DB941BB0DE4200004372 /* Info.plist */,
			);
			name = "Supporting Files";
			sourceTree = "<group>";
		};
/* End PBXGroup section */

/* Begin PBXNativeTarget section */
		8DE3DB791BB0DE4200004372 /* Tap Me */ = {
			isa = PBXNativeTarget;
			buildConfigurationList = 8DE3DB991BB0DE4200004372 /* Build configuration list for PBXNativeTarget "Tap Me" */;
			buildPhases = (
				8DE3DB761BB0DE4200004372 /* Sources */,
				8DE3DB771BB0DE4200004372 /* Frameworks */,
				8DE3DB781BB0DE4200004372 /* Resources */,
			);
			buildRules = (
			);
			dependencies = (
			);
			name = "Tap Me";
			productName = "Tap Me";
			productReference = 8DE3DB7A1BB0DE4200004372 /* Tap Me.app */;
			productType = "com.apple.product-type.application";
		};
		8DE3DB8E1BB0DE4200004372 /* Tap MeTests */ = {
			isa = PBXNativeTarget;
			buildConfigurationList = 8DE3DB9C1BB0DE4200004372 /* Build configuration list for PBXNativeTarget "Tap MeTests" */;
			buildPhases = (
				8DE3DB8B1BB0DE4200004372 /* Sources */,
				8DE3DB8C1BB0DE4200004372 /* Frameworks */,
				8DE3DB8D1BB0DE4200004372 /* Resources */,
			);
			buildRules = (
			);
			dependencies = (
				8DE3DB911BB0DE4200004372 /* PBXTargetDependency */,
			);
			name = "Tap MeTests";
			productName = "Tap MeTests";
			productReference = 8DE3DB8F1BB0DE4200004372 /* Tap MeTests.xctest */;
			productType = "com.apple.product-type.bundle.unit-test";
		};
/* End PBXNativeTarget section */

/* Begin PBXProject section */
		8DE3DB721BB0DE4200004372 /* Project object */ = {
			isa = PBXProject;
			attributes = {
				LastUpgradeCheck = 0630;
				ORGANIZATIONNAME = "杨睿涵";
				TargetAttributes = {
					8DE3DB791BB0DE4200004372 = {
						CreatedOnToolsVersion = 6.3.2;
					};
					8DE3DB8E1BB0DE4200004372 = {
						CreatedOnToolsVersion = 6.3.2;
						TestTargetID = 8DE3DB791BB0DE4200004372;
					};
				};
			};
			buildConfigurationList = 8DE3DB751BB0DE4200004372 /* Build configuration list for PBXProject "Tap Me" */;
			compatibilityVersion = "Xcode 3.2";
			developmentRegion = English;
			hasScannedForEncodings = 0;
			knownRegions = (
				en,
				Base,
			);
			mainGroup = 8DE3DB711BB0DE4200004372;
			productRefGroup = 8DE3DB7B1BB0DE4200004372 /* Products */;
			projectDirPath = "";
			projectRoot = "";
			targets = (
				8DE3DB791BB0DE4200004372 /* Tap Me */,
				8DE3DB8E1BB0DE4200004372 /* Tap MeTests */,
			);
		};
/* End PBXProject section */

/* Begin PBXResourcesBuildPhase section */
		8DE3DB781BB0DE4200004372 /* Resources */ = {
			isa = PBXResourcesBuildPhase;
			buildActionMask = 2147483647;
			files = (
				8DE3DB851BB0DE4200004372 /* Main.storyboard in Resources */,
				8DE3DB8A1BB0DE4200004372 /* LaunchScreen.xib in Resources */,
				8DE3DB871BB0DE4200004372 /* Images.xcassets in Resources */,
			);
			runOnlyForDeploymentPostprocessing = 0;
		};
		8DE3DB8D1BB0DE4200004372 /* Resources */ = {
			isa = PBXResourcesBuildPhase;
			buildActionMask = 2147483647;
			files = (
			);
			runOnlyForDeploymentPostprocessing = 0;
		};
/* End PBXResourcesBuildPhase section */

/* Begin PBXSourcesBuildPhase section */
		8DE3DB761BB0DE4200004372 /* Sources */ = {
			isa = PBXSourcesBuildPhase;
			buildActionMask = 2147483647;
			files = (
				8DE3DB821BB0DE4200004372 /* ViewController.swift in Sources */,
				8DE3DB801BB0DE4200004372 /* AppDelegate.swift in Sources */,
			);
			runOnlyForDeploymentPostprocessing = 0;
		};
		8DE3DB8B1BB0DE4200004372 /* Sources */ = {
			isa = PBXSourcesBuildPhase;
			buildActionMask = 2147483647;
			files = (
				8DE3DB961BB0DE4200004372 /* Tap_MeTests.swift in Sources */,
			);
			runOnlyForDeploymentPostprocessing = 0;
		};
/* End PBXSourcesBuildPhase section */

/* Begin PBXTargetDependency section */
		8DE3DB911BB0DE4200004372 /* PBXTargetDependency */ = {
			isa = PBXTargetDependency;
			target = 8DE3DB791BB0DE4200004372 /* Tap Me */;
			targetProxy = 8DE3DB901BB0DE4200004372 /* PBXContainerItemProxy */;
		};
/* End PBXTargetDependency section */

/* Begin PBXVariantGroup section */
		8DE3DB831BB0DE4200004372 /* Main.storyboard */ = {
			isa = PBXVariantGroup;
			children = (
				8DE3DB841BB0DE4200004372 /* Base */,
			);
			name = Main.storyboard;
			sourceTree = "<group>";
		};
		8DE3DB881BB0DE4200004372 /* LaunchScreen.xib */ = {
			isa = PBXVariantGroup;
			children = (
				8DE3DB891BB0DE4200004372 /* Base */,
			);
			name = LaunchScreen.xib;
			sourceTree = "<group>";
		};
/* End PBXVariantGroup section */

/* Begin XCBuildConfiguration section */
		8DE3DB971BB0DE4200004372 /* Debug */ = {
			isa = XCBuildConfiguration;
			buildSettings = {
				ALWAYS_SEARCH_USER_PATHS = NO;
				CLANG_CXX_LANGUAGE_STANDARD = "gnu++0x";
				CLANG_CXX_LIBRARY = "libc++";
				CLANG_ENABLE_MODULES = YES;
				CLANG_ENABLE_OBJC_ARC = YES;
				CLANG_WARN_BOOL_CONVERSION = YES;
				CLANG_WARN_CONSTANT_CONVERSION = YES;
				CLANG_WARN_DIRECT_OBJC_ISA_USAGE = YES_ERROR;
				CLANG_WARN_EMPTY_BODY = YES;
				CLANG_WARN_ENUM_CONVERSION = YES;
				CLANG_WARN_INT_CONVERSION = YES;
				CLANG_WARN_OBJC_ROOT_CLASS = YES_ERROR;
				CLANG_WARN_UNREACHABLE_CODE = YES;
				CLANG_WARN__DUPLICATE_METHOD_MATCH = YES;
				"CODE_SIGN_IDENTITY[sdk=iphoneos*]" = "iPhone Developer";
				COPY_PHASE_STRIP = NO;
				DEBUG_INFORMATION_FORMAT = "dwarf-with-dsym";
				ENABLE_STRICT_OBJC_MSGSEND = YES;
				GCC_C_LANGUAGE_STANDARD = gnu99;
				GCC_DYNAMIC_NO_PIC = NO;
				GCC_NO_COMMON_BLOCKS = YES;
				GCC_OPTIMIZATION_LEVEL = 0;
				GCC_PREPROCESSOR_DEFINITIONS = (
					"DEBUG=1",
					"$(inherited)",
				);
				GCC_SYMBOLS_PRIVATE_EXTERN = NO;
				GCC_WARN_64_TO_32_BIT_CONVERSION = YES;
				GCC_WARN_ABOUT_RETURN_TYPE = YES_ERROR;
				GCC_WARN_UNDECLARED_SELECTOR = YES;
				GCC_WARN_UNINITIALIZED_AUTOS = YES_AGGRESSIVE;
				GCC_WARN_UNUSED_FUNCTION = YES;
				GCC_WARN_UNUSED_VARIABLE = YES;
				IPHONEOS_DEPLOYMENT_TARGET = 8.3;
				MTL_ENABLE_DEBUG_INFO = YES;
				ONLY_ACTIVE_ARCH = YES;
				SDKROOT = iphoneos;
				SWIFT_OPTIMIZATION_LEVEL = "-Onone";
			};
			name = Debug;
		};
		8DE3DB981BB0DE4200004372 /* Release */ = {
			isa = XCBuildConfiguration;
			buildSettings = {
				ALWAYS_SEARCH_USER_PATHS = NO;
				CLANG_CXX_LANGUAGE_STANDARD = "gnu++0x";
				CLANG_CXX_LIBRARY = "libc++";
				CLANG_ENABLE_MODULES = YES;
				CLANG_ENABLE_OBJC_ARC = YES;
				CLANG_WARN_BOOL_CONVERSION = YES;
				CLANG_WARN_CONSTANT_CONVERSION = YES;
				CLANG_WARN_DIRECT_OBJC_ISA_USAGE = YES_ERROR;
				CLANG_WARN_EMPTY_BODY = YES;
				CLANG_WARN_ENUM_CONVERSION = YES;
				CLANG_WARN_INT_CONVERSION = YES;
				CLANG_WARN_OBJC_ROOT_CLASS = YES_ERROR;
				CLANG_WARN_UNREACHABLE_CODE = YES;
				CLANG_WARN__DUPLICATE_METHOD_MATCH = YES;
				"CODE_SIGN_IDENTITY[sdk=iphoneos*]" = "iPhone Developer";
				COPY_PHASE_STRIP = NO;
				DEBUG_INFORMATION_FORMAT = "dwarf-with-dsym";
				ENABLE_NS_ASSERTIONS = NO;
				ENABLE_STRICT_OBJC_MSGSEND = YES;
				GCC_C_LANGUAGE_STANDARD = gnu99;
				GCC_NO_COMMON_BLOCKS = YES;
				GCC_WARN_64_TO_32_BIT_CONVERSION = YES;
				GCC_WARN_ABOUT_RETURN_TYPE = YES_ERROR;
				GCC_WARN_UNDECLARED_SELECTOR = YES;
				GCC_WARN_UNINITIALIZED_AUTOS = YES_AGGRESSIVE;
				GCC_WARN_UNUSED_FUNCTION = YES;
				GCC_WARN_UNUSED_VARIABLE = YES;
				IPHONEOS_DEPLOYMENT_TARGET = 8.3;
				MTL_ENABLE_DEBUG_INFO = NO;
				SDKROOT = iphoneos;
				VALIDATE_PRODUCT = YES;
			};
			name = Release;
		};
		8DE3DB9A1BB0DE4200004372 /* Debug */ = {
			isa = XCBuildConfiguration;
			buildSettings = {
				ASSETCATALOG_COMPILER_APPICON_NAME = AppIcon;
				INFOPLIST_FILE = "Tap Me/Info.plist";
				LD_RUNPATH_SEARCH_PATHS = "$(inherited) @executable_path/Frameworks";
				PRODUCT_NAME = "$(TARGET_NAME)";
			};
			name = Debug;
		};
		8DE3DB9B1BB0DE4200004372 /* Release */ = {
			isa = XCBuildConfiguration;
			buildSettings = {
				ASSETCATALOG_COMPILER_APPICON_NAME = AppIcon;
				INFOPLIST_FILE = "Tap Me/Info.plist";
				LD_RUNPATH_SEARCH_PATHS = "$(inherited) @executable_path/Frameworks";
				PRODUCT_NAME = "$(TARGET_NAME)";
			};
			name = Release;
		};
		8DE3DB9D1BB0DE4200004372 /* Debug */ = {
			isa = XCBuildConfiguration;
			buildSettings = {
				BUNDLE_LOADER = "$(TEST_HOST)";
				FRAMEWORK_SEARCH_PATHS = (
					"$(SDKROOT)/Developer/Library/Frameworks",
					"$(inherited)",
				);
				GCC_PREPROCESSOR_DEFINITIONS = (
					"DEBUG=1",
					"$(inherited)",
				);
				INFOPLIST_FILE = "Tap MeTests/Info.plist";
				LD_RUNPATH_SEARCH_PATHS = "$(inherited) @executable_path/Frameworks @loader_path/Frameworks";
				PRODUCT_NAME = "$(TARGET_NAME)";
				TEST_HOST = "$(BUILT_PRODUCTS_DIR)/Tap Me.app/Tap Me";
			};
			name = Debug;
		};
		8DE3DB9E1BB0DE4200004372 /* Release */ = {
			isa = XCBuildConfiguration;
			buildSettings = {
				BUNDLE_LOADER = "$(TEST_HOST)";
				FRAMEWORK_SEARCH_PATHS = (
					"$(SDKROOT)/Developer/Library/Frameworks",
					"$(inherited)",
				);
				INFOPLIST_FILE = "Tap MeTests/Info.plist";
				LD_RUNPATH_SEARCH_PATHS = "$(inherited) @executable_path/Frameworks @loader_path/Frameworks";
				PRODUCT_NAME = "$(TARGET_NAME)";
				TEST_HOST = "$(BUILT_PRODUCTS_DIR)/Tap Me.app/Tap Me";
			};
			name = Release;
		};
/* End XCBuildConfiguration section */

/* Begin XCConfigurationList section */
		8DE3DB751BB0DE4200004372 /* Build configuration list for PBXProject "Tap Me" */ = {
			isa = XCConfigurationList;
			buildConfigurations = (
				8DE3DB971BB0DE4200004372 /* Debug */,
				8DE3DB981BB0DE4200004372 /* Release */,
			);
			defaultConfigurationIsVisible = 0;
			defaultConfigurationName = Release;
		};
		8DE3DB991BB0DE4200004372 /* Build configuration list for PBXNativeTarget "Tap Me" */ = {
			isa = XCConfigurationList;
			buildConfigurations = (
				8DE3DB9A1BB0DE4200004372 /* Debug */,
				8DE3DB9B1BB0DE4200004372 /* Release */,
			);
			defaultConfigurationIsVisible = 0;
		};
		8DE3DB9C1BB0DE4200004372 /* Build configuration list for PBXNativeTarget "Tap MeTests" */ = {
			isa = XCConfigurationList;
			buildConfigurations = (
				8DE3DB9D1BB0DE4200004372 /* Debug */,
				8DE3DB9E1BB0DE4200004372 /* Release */,
			);
			defaultConfigurationIsVisible = 0;
		};
/* End XCConfigurationList section */
	};
	rootObject = 8DE3DB721BB0DE4200004372 /* Project object */;
}
